
Microsoft Visual Studio Solution File, Format Version 12.00
# Visual Studio Version 17
VisualStudioVersion = 17.14.36429.23
MinimumVisualStudioVersion = 10.0.40219.1
Project("{FAE04EC0-301F-11D3-BF4B-00C04F79EFBC}") = "EFCommenter.Demo", "EfCommentator.Demo\EFCommenter.Demo.csproj", "{8B887529-69B6-4078-9644-3DD9A937CA9C}"
EndProject
Project("{FAE04EC0-301F-11D3-BF4B-00C04F79EFBC}") = "EFCommenter", "EFCommenter\EFCommenter.csproj", "{47A87444-73AA-43EC-A854-04FCD3CCFF48}"
EndProject
Project("{FAE04EC0-301F-11D3-BF4B-00C04F79EFBC}") = "EFCommenter.Test", "EFCommenter.Test\EFCommenter.Test.csproj", "{9CBA70EB-43BF-4710-B5DD-F74E944CBA0C}"
EndProject
Project("{2150E333-8FDC-42A3-9474-1A3956D46DE8}") = "Solution Items", "Solution Items", "{8EC462FD-D22E-90A8-E5CE-7E832BA40C5D}"
	ProjectSection(SolutionItems) = preProject
		readme.md = readme.md
	EndProjectSection
EndProject
Global
	GlobalSection(SolutionConfigurationPlatforms) = preSolution
		Debug|Any CPU = Debug|Any CPU
		Release|Any CPU = Release|Any CPU
	EndGlobalSection
	GlobalSection(ProjectConfigurationPlatforms) = postSolution
		{8B887529-69B6-4078-9644-3DD9A937CA9C}.Debug|Any CPU.ActiveCfg = Debug|Any CPU
		{8B887529-69B6-4078-9644-3DD9A937CA9C}.Debug|Any CPU.Build.0 = Debug|Any CPU
		{8B887529-69B6-4078-9644-3DD9A937CA9C}.Release|Any CPU.ActiveCfg = Release|Any CPU
		{8B887529-69B6-4078-9644-3DD9A937CA9C}.Release|Any CPU.Build.0 = Release|Any CPU
		{47A87444-73AA-43EC-A854-04FCD3CCFF48}.Debug|Any CPU.ActiveCfg = Debug|Any CPU
		{47A87444-73AA-43EC-A854-04FCD3CCFF48}.Debug|Any CPU.Build.0 = Debug|Any CPU
		{47A87444-73AA-43EC-A854-04FCD3CCFF48}.Release|Any CPU.ActiveCfg = Release|Any CPU
		{47A87444-73AA-43EC-A854-04FCD3CCFF48}.Release|Any CPU.Build.0 = Release|Any CPU
		{9CBA70EB-43BF-4710-B5DD-F74E944CBA0C}.Debug|Any CPU.ActiveCfg = Debug|Any CPU
		{9CBA70EB-43BF-4710-B5DD-F74E944CBA0C}.Debug|Any CPU.Build.0 = Debug|Any CPU
		{9CBA70EB-43BF-4710-B5DD-F74E944CBA0C}.Release|Any CPU.ActiveCfg = Release|Any CPU
		{9CBA70EB-43BF-4710-B5DD-F74E944CBA0C}.Release|Any CPU.Build.0 = Release|Any CPU
	EndGlobalSection
	GlobalSection(SolutionProperties) = preSolution
		HideSolutionNode = FALSE
	EndGlobalSection
	GlobalSection(ExtensibilityGlobals) = postSolution
		SolutionGuid = {9F9C6608-3417-46B2-9603-D8CDCF317EAC}
	EndGlobalSection
EndGlobal
